// !$*UTF8*$!
{
	archiveVersion = 1;
	classes = {
	};
	objectVersion = 46;
	objects = {

/* Begin PBXBuildFile section */
		F5B95E661995599E00CAD0E0 /* Foundation.framework in Frameworks */ = {isa = PBXBuildFile; fileRef = F5B95E651995599E00CAD0E0 /* Foundation.framework */; };
		F5B95E691995599E00CAD0E0 /* main.m in Sources */ = {isa = PBXBuildFile; fileRef = F5B95E681995599E00CAD0E0 /* main.m */; };
		F5B95E76199559EB00CAD0E0 /* SCParser.m in Sources */ = {isa = PBXBuildFile; fileRef = F5B95E75199559EB00CAD0E0 /* SCParser.m */; };
/* End PBXBuildFile section */

/* Begin PBXCopyFilesBuildPhase section */
		F5B95E601995599E00CAD0E0 /* CopyFiles */ = {
			isa = PBXCopyFilesBuildPhase;
			buildActionMask = 2147483647;
			dstPath = /usr/share/man/man1/;
			dstSubfolderSpec = 0;
			files = (
			);
			runOnlyForDeploymentPostprocessing = 1;
		};
/* End PBXCopyFilesBuildPhase section */

/* Begin PBXFileReference section */
		F5B95E621995599E00CAD0E0 /* SafranCLI */ = {isa = PBXFileReference; explicitFileType = "compiled.mach-o.executable"; includeInIndex = 0; path = SafranCLI; sourceTree = BUILT_PRODUCTS_DIR; };
		F5B95E651995599E00CAD0E0 /* Foundation.framework */ = {isa = PBXFileReference; lastKnownFileType = wrapper.framework; name = Foundation.framework; path = System/Library/Frameworks/Foundation.framework; sourceTree = SDKROOT; };
		F5B95E681995599E00CAD0E0 /* main.m */ = {isa = PBXFileReference; lastKnownFileType = sourcecode.c.objc; path = main.m; sourceTree = "<group>"; };
		F5B95E6B1995599E00CAD0E0 /* SafranCLI-Prefix.pch */ = {isa = PBXFileReference; lastKnownFileType = sourcecode.c.h; path = "SafranCLI-Prefix.pch"; sourceTree = "<group>"; };
		F5B95E74199559EB00CAD0E0 /* SCParser.h */ = {isa = PBXFileReference; fileEncoding = 4; lastKnownFileType = sourcecode.c.h; path = SCParser.h; sourceTree = "<group>"; };
		F5B95E75199559EB00CAD0E0 /* SCParser.m */ = {isa = PBXFileReference; fileEncoding = 4; lastKnownFileType = sourcecode.c.objc; path = SCParser.m; sourceTree = "<group>"; };
/* End PBXFileReference section */

/* Begin PBXFrameworksBuildPhase section */
		F5B95E5F1995599E00CAD0E0 /* Frameworks */ = {
			isa = PBXFrameworksBuildPhase;
			buildActionMask = 2147483647;
			files = (
				F5B95E661995599E00CAD0E0 /* Foundation.framework in Frameworks */,
			);
			runOnlyForDeploymentPostprocessing = 0;
		};
/* End PBXFrameworksBuildPhase section */

/* Begin PBXGroup section */
		F5B95E591995599E00CAD0E0 = {
			isa = PBXGroup;
			children = (
				F5B95E671995599E00CAD0E0 /* SafranCLI */,
				F5B95E641995599E00CAD0E0 /* Frameworks */,
				F5B95E631995599E00CAD0E0 /* Products */,
			);
			sourceTree = "<group>";
		};
		F5B95E631995599E00CAD0E0 /* Products */ = {
			isa = PBXGroup;
			children = (
				F5B95E621995599E00CAD0E0 /* SafranCLI */,
			);
			name = Products;
			sourceTree = "<group>";
		};
		F5B95E641995599E00CAD0E0 /* Frameworks */ = {
			isa = PBXGroup;
			children = (
				F5B95E651995599E00CAD0E0 /* Foundation.framework */,
			);
			name = Frameworks;
			sourceTree = "<group>";
		};
		F5B95E671995599E00CAD0E0 /* SafranCLI */ = {
			isa = PBXGroup;
			children = (
				F5B95E681995599E00CAD0E0 /* main.m */,
				F5B95E6A1995599E00CAD0E0 /* Supporting Files */,
				F5B95E74199559EB00CAD0E0 /* SCParser.h */,
				F5B95E75199559EB00CAD0E0 /* SCParser.m */,
			);
			path = SafranCLI;
			sourceTree = "<group>";
		};
		F5B95E6A1995599E00CAD0E0 /* Supporting Files */ = {
			isa = PBXGroup;
			children = (
				F5B95E6B1995599E00CAD0E0 /* SafranCLI-Prefix.pch */,
			);
			name = "Supporting Files";
			sourceTree = "<group>";
		};
/* End PBXGroup section */

/* Begin PBXNativeTarget section */
		F5B95E611995599E00CAD0E0 /* SafranCLI */ = {
			isa = PBXNativeTarget;
			buildConfigurationList = F5B95E701995599E00CAD0E0 /* Build configuration list for PBXNativeTarget "SafranCLI" */;
			buildPhases = (
				F5B95E5E1995599E00CAD0E0 /* Sources */,
				F5B95E5F1995599E00CAD0E0 /* Frameworks */,
				F5B95E601995599E00CAD0E0 /* CopyFiles */,
			);
			buildRules = (
			);
			dependencies = (
			);
			name = SafranCLI;
			productName = SafranCLI;
			productReference = F5B95E621995599E00CAD0E0 /* SafranCLI */;
			productType = "com.apple.product-type.tool";
		};
/* End PBXNativeTarget section */

/* Begin PBXProject section */
		F5B95E5A1995599E00CAD0E0 /* Project object */ = {
			isa = PBXProject;
			attributes = {
				LastUpgradeCheck = 0510;
			};
			buildConfigurationList = F5B95E5D1995599E00CAD0E0 /* Build configuration list for PBXProject "SafranCLI" */;
			compatibilityVersion = "Xcode 3.2";
			developmentRegion = English;
			hasScannedForEncodings = 0;
			knownRegions = (
				en,
			);
			mainGroup = F5B95E591995599E00CAD0E0;
			productRefGroup = F5B95E631995599E00CAD0E0 /* Products */;
			projectDirPath = "";
			projectRoot = "";
			targets = (
				F5B95E611995599E00CAD0E0 /* SafranCLI */,
			);
		};
/* End PBXProject section */

/* Begin PBXSourcesBuildPhase section */
		F5B95E5E1995599E00CAD0E0 /* Sources */ = {
			isa = PBXSourcesBuildPhase;
			buildActionMask = 2147483647;
			files = (
				F5B95E76199559EB00CAD0E0 /* SCParser.m in Sources */,
				F5B95E691995599E00CAD0E0 /* main.m in Sources */,
			);
			runOnlyForDeploymentPostprocessing = 0;
		};
/* End PBXSourcesBuildPhase section */

/* Begin XCBuildConfiguration section */
		F5B95E6E1995599E00CAD0E0 /* Debug */ = {
			isa = XCBuildConfiguration;
			buildSettings = {
				ALWAYS_SEARCH_USER_PATHS = NO;
				CLANG_CXX_LANGUAGE_STANDARD = "gnu++0x";
				CLANG_CXX_LIBRARY = "libc++";
				CLANG_ENABLE_MODULES = YES;
				CLANG_ENABLE_OBJC_ARC = YES;
				CLANG_WARN_BOOL_CONVERSION = YES;
				CLANG_WARN_CONSTANT_CONVERSION = YES;
				CLANG_WARN_DIRECT_OBJC_ISA_USAGE = YES_ERROR;
				CLANG_WARN_EMPTY_BODY = YES;
				CLANG_WARN_ENUM_CONVERSION = YES;
				CLANG_WARN_INT_CONVERSION = YES;
				CLANG_WARN_OBJC_ROOT_CLASS = YES_ERROR;
				CLANG_WARN__DUPLICATE_METHOD_MATCH = YES;
				COPY_PHASE_STRIP = NO;
				GCC_C_LANGUAGE_STANDARD = gnu99;
				GCC_DYNAMIC_NO_PIC = NO;
				GCC_ENABLE_OBJC_EXCEPTIONS = YES;
				GCC_OPTIMIZATION_LEVEL = 0;
				GCC_PREPROCESSOR_DEFINITIONS = (
					"DEBUG=1",
					"$(inherited)",
				);
				GCC_SYMBOLS_PRIVATE_EXTERN = NO;
				GCC_WARN_64_TO_32_BIT_CONVERSION = YES;
				GCC_WARN_ABOUT_RETURN_TYPE = YES_ERROR;
				GCC_WARN_UNDECLARED_SELECTOR = YES;
				GCC_WARN_UNINITIALIZED_AUTOS = YES_AGGRESSIVE;
				GCC_WARN_UNUSED_FUNCTION = YES;
				GCC_WARN_UNUSED_VARIABLE = YES;
				MACOSX_DEPLOYMENT_TARGET = 10.10;
				ONLY_ACTIVE_ARCH = YES;
				SDKROOT = macosx;
			};
			name = Debug;
		};
		F5B95E6F1995599E00CAD0E0 /* Release */ = {
			isa = XCBuildConfiguration;
			buildSettings = {
				ALWAYS_SEARCH_USER_PATHS = NO;
				CLANG_CXX_LANGUAGE_STANDARD = "gnu++0x";
				CLANG_CXX_LIBRARY = "libc++";
				CLANG_ENABLE_MODULES = YES;
				CLANG_ENABLE_OBJC_ARC = YES;
				CLANG_WARN_BOOL_CONVERSION = YES;
				CLANG_WARN_CONSTANT_CONVERSION = YES;
				CLANG_WARN_DIRECT_OBJC_ISA_USAGE = YES_ERROR;
				CLANG_WARN_EMPTY_BODY = YES;
				CLANG_WARN_ENUM_CONVERSION = YES;
				CLANG_WARN_INT_CONVERSION = YES;
				CLANG_WARN_OBJC_ROOT_CLASS = YES_ERROR;
				CLANG_WARN__DUPLICATE_METHOD_MATCH = YES;
				COPY_PHASE_STRIP = YES;
				DEBUG_INFORMATION_FORMAT = "dwarf-with-dsym";
				ENABLE_NS_ASSERTIONS = NO;
				GCC_C_LANGUAGE_STANDARD = gnu99;
				GCC_ENABLE_OBJC_EXCEPTIONS = YES;
				GCC_WARN_64_TO_32_BIT_CONVERSION = YES;
				GCC_WARN_ABOUT_RETURN_TYPE = YES_ERROR;
				GCC_WARN_UNDECLARED_SELECTOR = YES;
				GCC_WARN_UNINITIALIZED_AUTOS = YES_AGGRESSIVE;
				GCC_WARN_UNUSED_FUNCTION = YES;
				GCC_WARN_UNUSED_VARIABLE = YES;
				MACOSX_DEPLOYMENT_TARGET = 10.10;
				SDKROOT = macosx;
			};
			name = Release;
		};
		F5B95E711995599E00CAD0E0 /* Debug */ = {
			isa = XCBuildConfiguration;
			buildSettings = {
				GCC_PRECOMPILE_PREFIX_HEADER = YES;
				GCC_PREFIX_HEADER = "SafranCLI/SafranCLI-Prefix.pch";
				MACOSX_DEPLOYMENT_TARGET = 10.9;
				PRODUCT_NAME = "$(TARGET_NAME)";
			};
			name = Debug;
		};
		F5B95E721995599E00CAD0E0 /* Release */ = {
			isa = XCBuildConfiguration;
			buildSettings = {
				GCC_PRECOMPILE_PREFIX_HEADER = YES;
				GCC_PREFIX_HEADER = "SafranCLI/SafranCLI-Prefix.pch";
				MACOSX_DEPLOYMENT_TARGET = 10.9;
				PRODUCT_NAME = "$(TARGET_NAME)";
			};
			name = Release;
		};
/* End XCBuildConfiguration section */

/* Begin XCConfigurationList section */
		F5B95E5D1995599E00CAD0E0 /* Build configuration list for PBXProject "SafranCLI" */ = {
			isa = XCConfigurationList;
			buildConfigurations = (
				F5B95E6E1995599E00CAD0E0 /* Debug */,
				F5B95E6F1995599E00CAD0E0 /* Release */,
			);
			defaultConfigurationIsVisible = 0;
			defaultConfigurationName = Release;
		};
		F5B95E701995599E00CAD0E0 /* Build configuration list for PBXNativeTarget "SafranCLI" */ = {
			isa = XCConfigurationList;
			buildConfigurations = (
				F5B95E711995599E00CAD0E0 /* Debug */,
				F5B95E721995599E00CAD0E0 /* Release */,
			);
			defaultConfigurationIsVisible = 0;
		};
/* End XCConfigurationList section */
	};
	rootObject = F5B95E5A1995599E00CAD0E0 /* Project object */;
}
